
Microsoft Visual Studio Solution File, Format Version 12.00
# Visual Studio 15
VisualStudioVersion = 15.0.28010.2036
MinimumVisualStudioVersion = 10.0.40219.1
Project("{FAE04EC0-301F-11D3-BF4B-00C04F79EFBC}") = "NeuralXORConsole", "NeuralXORConsole\NeuralXORConsole.csproj", "{05B3200A-A30A-4CCE-AB87-E63E08E54538}"
EndProject
Project("{FAE04EC0-301F-11D3-BF4B-00C04F79EFBC}") = "NeuralNetwork", "NeuralNetwork\NeuralNetwork.csproj", "{23DFDE23-4AD6-489D-B65C-256D8E61FF60}"
EndProject
Global
	GlobalSection(SolutionConfigurationPlatforms) = preSolution
		Debug|Any CPU = Debug|Any CPU
		Release|Any CPU = Release|Any CPU
	EndGlobalSection
	GlobalSection(ProjectConfigurationPlatforms) = postSolution
		{05B3200A-A30A-4CCE-AB87-E63E08E54538}.Debug|Any CPU.ActiveCfg = Debug|Any CPU
		{05B3200A-A30A-4CCE-AB87-E63E08E54538}.Debug|Any CPU.Build.0 = Debug|Any CPU
		{05B3200A-A30A-4CCE-AB87-E63E08E54538}.Release|Any CPU.ActiveCfg = Release|Any CPU
		{05B3200A-A30A-4CCE-AB87-E63E08E54538}.Release|Any CPU.Build.0 = Release|Any CPU
		{23DFDE23-4AD6-489D-B65C-256D8E61FF60}.Debug|Any CPU.ActiveCfg = Debug|Any CPU
		{23DFDE23-4AD6-489D-B65C-256D8E61FF60}.Debug|Any CPU.Build.0 = Debug|Any CPU
		{23DFDE23-4AD6-489D-B65C-256D8E61FF60}.Release|Any CPU.ActiveCfg = Release|Any CPU
		{23DFDE23-4AD6-489D-B65C-256D8E61FF60}.Release|Any CPU.Build.0 = Release|Any CPU
	EndGlobalSection
	GlobalSection(SolutionProperties) = preSolution
		HideSolutionNode = FALSE
	EndGlobalSection
	GlobalSection(ExtensibilityGlobals) = postSolution
		SolutionGuid = {857A366E-1512-4C5C-83E8-C359FFE5BEBC}
	EndGlobalSection
EndGlobal
